
Microsoft Visual Studio Solution File, Format Version 12.00
# Visual Studio Version 17
VisualStudioVersion = 17.6.33815.320
MinimumVisualStudioVersion = 10.0.40219.1
Project("{9A19103F-16F7-4668-BE54-9A1E7A4F7556}") = "01-sorts", "01-sorts.csproj", "{4C36EF58-B802-462F-A8D0-A443AEC4DB98}"
EndProject
Global
	GlobalSection(SolutionConfigurationPlatforms) = preSolution
		Debug|Any CPU = Debug|Any CPU
		Release|Any CPU = Release|Any CPU
	EndGlobalSection
	GlobalSection(ProjectConfigurationPlatforms) = postSolution
		{4C36EF58-B802-462F-A8D0-A443AEC4DB98}.Debug|Any CPU.ActiveCfg = Debug|Any CPU
		{4C36EF58-B802-462F-A8D0-A443AEC4DB98}.Debug|Any CPU.Build.0 = Debug|Any CPU
		{4C36EF58-B802-462F-A8D0-A443AEC4DB98}.Release|Any CPU.ActiveCfg = Release|Any CPU
		{4C36EF58-B802-462F-A8D0-A443AEC4DB98}.Release|Any CPU.Build.0 = Release|Any CPU
	EndGlobalSection
	GlobalSection(SolutionProperties) = preSolution
		HideSolutionNode = FALSE
	EndGlobalSection
	GlobalSection(ExtensibilityGlobals) = postSolution
		SolutionGuid = {11D61A51-9508-4374-8473-F0F5C79124BA}
	EndGlobalSection
EndGlobal
